
Microsoft Visual Studio Solution File, Format Version 12.00
# Visual Studio Version 17
VisualStudioVersion = 17.3.32825.248
MinimumVisualStudioVersion = 10.0.40219.1
Project("{FAE04EC0-301F-11D3-BF4B-00C04F79EFBC}") = "BTM", "BTM\BTM.csproj", "{5153803E-D024-4FCA-83A1-99E4E17519D2}"
EndProject
Project("{FAE04EC0-301F-11D3-BF4B-00C04F79EFBC}") = "BTM.Data", "BTM.Data\BTM.Data.csproj", "{5411B374-C925-4EAC-A2E5-E97E78B62DEE}"
EndProject
Global
	GlobalSection(SolutionConfigurationPlatforms) = preSolution
		Debug|Any CPU = Debug|Any CPU
		Release|Any CPU = Release|Any CPU
	EndGlobalSection
	GlobalSection(ProjectConfigurationPlatforms) = postSolution
		{5153803E-D024-4FCA-83A1-99E4E17519D2}.Debug|Any CPU.ActiveCfg = Debug|Any CPU
		{5153803E-D024-4FCA-83A1-99E4E17519D2}.Debug|Any CPU.Build.0 = Debug|Any CPU
		{5153803E-D024-4FCA-83A1-99E4E17519D2}.Release|Any CPU.ActiveCfg = Release|Any CPU
		{5153803E-D024-4FCA-83A1-99E4E17519D2}.Release|Any CPU.Build.0 = Release|Any CPU
		{5411B374-C925-4EAC-A2E5-E97E78B62DEE}.Debug|Any CPU.ActiveCfg = Debug|Any CPU
		{5411B374-C925-4EAC-A2E5-E97E78B62DEE}.Debug|Any CPU.Build.0 = Debug|Any CPU
		{5411B374-C925-4EAC-A2E5-E97E78B62DEE}.Release|Any CPU.ActiveCfg = Release|Any CPU
		{5411B374-C925-4EAC-A2E5-E97E78B62DEE}.Release|Any CPU.Build.0 = Release|Any CPU
	EndGlobalSection
	GlobalSection(SolutionProperties) = preSolution
		HideSolutionNode = FALSE
	EndGlobalSection
	GlobalSection(ExtensibilityGlobals) = postSolution
		SolutionGuid = {0CDB88DD-B15E-41A5-8678-3DE79E8A457B}
	EndGlobalSection
EndGlobal
